
Microsoft Visual Studio Solution File, Format Version 12.00
# Visual Studio 15
VisualStudioVersion = 15.0.28307.645
MinimumVisualStudioVersion = 10.0.40219.1
Project("{FAE04EC0-301F-11D3-BF4B-00C04F79EFBC}") = "DMUCarsBackOffice", "DMUCarsBackOffice\DMUCarsBackOffice.csproj", "{87C2C091-9E85-4AA1-A9BA-140B799B0BF6}"
EndProject
Project("{E24C65DC-7377-472B-9ABA-BC803B73C61A}") = "DMUCarsFrontOffice", "DMUCarsFrontOffice\", "{F6F81DA6-6B4B-4FDB-95E2-717C7BE711C1}"
	ProjectSection(WebsiteProperties) = preProject
		TargetFrameworkMoniker = ".NETFramework,Version%3Dv4.6.1"
		ProjectReferences = "{55d2bb74-67cc-4980-9f86-fba5cd730268}|DMUCars-Classes.dll;"
		Debug.AspNetCompiler.VirtualPath = "/localhost_2683"
		Debug.AspNetCompiler.PhysicalPath = "DMUCarsFrontOffice\"
		Debug.AspNetCompiler.TargetPath = "PrecompiledWeb\localhost_2683\"
		Debug.AspNetCompiler.Updateable = "true"
		Debug.AspNetCompiler.ForceOverwrite = "true"
		Debug.AspNetCompiler.FixedNames = "false"
		Debug.AspNetCompiler.Debug = "True"
		Release.AspNetCompiler.VirtualPath = "/localhost_2683"
		Release.AspNetCompiler.PhysicalPath = "DMUCarsFrontOffice\"
		Release.AspNetCompiler.TargetPath = "PrecompiledWeb\localhost_2683\"
		Release.AspNetCompiler.Updateable = "true"
		Release.AspNetCompiler.ForceOverwrite = "true"
		Release.AspNetCompiler.FixedNames = "false"
		Release.AspNetCompiler.Debug = "False"
		VWDPort = "2683"
		SlnRelativePath = "DMUCarsFrontOffice\"
		DefaultWebSiteLanguage = "Visual C#"
	EndProjectSection
EndProject
Project("{FAE04EC0-301F-11D3-BF4B-00C04F79EFBC}") = "DMUCars-Classes", "DMUCars-Classes\DMUCars-Classes.csproj", "{55D2BB74-67CC-4980-9F86-FBA5CD730268}"
EndProject
Project("{FAE04EC0-301F-11D3-BF4B-00C04F79EFBC}") = "DMUCarsTesting", "DMUCarsTesting\DMUCarsTesting.csproj", "{6ECD29EE-4C1D-47E0-BA51-FCC228FD937F}"
EndProject
Global
	GlobalSection(SolutionConfigurationPlatforms) = preSolution
		Debug|Any CPU = Debug|Any CPU
		Release|Any CPU = Release|Any CPU
	EndGlobalSection
	GlobalSection(ProjectConfigurationPlatforms) = postSolution
		{87C2C091-9E85-4AA1-A9BA-140B799B0BF6}.Debug|Any CPU.ActiveCfg = Debug|Any CPU
		{87C2C091-9E85-4AA1-A9BA-140B799B0BF6}.Debug|Any CPU.Build.0 = Debug|Any CPU
		{87C2C091-9E85-4AA1-A9BA-140B799B0BF6}.Release|Any CPU.ActiveCfg = Release|Any CPU
		{87C2C091-9E85-4AA1-A9BA-140B799B0BF6}.Release|Any CPU.Build.0 = Release|Any CPU
		{F6F81DA6-6B4B-4FDB-95E2-717C7BE711C1}.Debug|Any CPU.ActiveCfg = Debug|Any CPU
		{F6F81DA6-6B4B-4FDB-95E2-717C7BE711C1}.Debug|Any CPU.Build.0 = Debug|Any CPU
		{F6F81DA6-6B4B-4FDB-95E2-717C7BE711C1}.Release|Any CPU.ActiveCfg = Debug|Any CPU
		{F6F81DA6-6B4B-4FDB-95E2-717C7BE711C1}.Release|Any CPU.Build.0 = Debug|Any CPU
		{55D2BB74-67CC-4980-9F86-FBA5CD730268}.Debug|Any CPU.ActiveCfg = Debug|Any CPU
		{55D2BB74-67CC-4980-9F86-FBA5CD730268}.Debug|Any CPU.Build.0 = Debug|Any CPU
		{55D2BB74-67CC-4980-9F86-FBA5CD730268}.Release|Any CPU.ActiveCfg = Release|Any CPU
		{55D2BB74-67CC-4980-9F86-FBA5CD730268}.Release|Any CPU.Build.0 = Release|Any CPU
		{6ECD29EE-4C1D-47E0-BA51-FCC228FD937F}.Debug|Any CPU.ActiveCfg = Debug|Any CPU
		{6ECD29EE-4C1D-47E0-BA51-FCC228FD937F}.Debug|Any CPU.Build.0 = Debug|Any CPU
		{6ECD29EE-4C1D-47E0-BA51-FCC228FD937F}.Release|Any CPU.ActiveCfg = Release|Any CPU
		{6ECD29EE-4C1D-47E0-BA51-FCC228FD937F}.Release|Any CPU.Build.0 = Release|Any CPU
	EndGlobalSection
	GlobalSection(SolutionProperties) = preSolution
		HideSolutionNode = FALSE
	EndGlobalSection
	GlobalSection(ExtensibilityGlobals) = postSolution
		SolutionGuid = {FEC7C42F-7DBE-449B-AEA8-32AF3895B5F6}
	EndGlobalSection
EndGlobal
